hash: 8bb7bb901121c893a93e5ecbe9b6ea7841e9fe43f5fa8d2717cc8e8552fe5a71
updated: 2017-03-31T14:52:16.886801606-07:00
imports:
- name: github.com/mitchellh/mapstructure
  version: 53818660ed4955e899c0bcafa97299a388bd7c8e
- name: go.uber.org/multierr
  version: de6740a55f8d778e53755317dc50aae950c760de
testImports:
- name: github.com/davecgh/go-spew
  version: 346938d642f2ec3594ed81d874461961cd0faa76
  subpackages:
  - spew
- name: github.com/pmezard/go-difflib
  version: 792786c7400a136282c1664665ae0a8db921c6c2
  subpackages:
  - difflib
- name: github.com/stretchr/testify
  version: 4d4bfba8f1d1027c4fdbe371823030df51419987
  subpackages:
  - assert
